
Microsoft Visual Studio Solution File, Format Version 12.00
# Visual Studio Version 16
VisualStudioVersion = 16.0.28803.352
MinimumVisualStudioVersion = 10.0.40219.1
Project("{FAE04EC0-301F-11D3-BF4B-00C04F79EFBC}") = "SharePointPnP.ProvisioningApp.Infrastructure", "SharePointPnP.ProvisioningApp.Infrastructure\SharePointPnP.ProvisioningApp.Infrastructure.csproj", "{94821355-D352-4230-A3D8-884C2A4DD1F7}"
EndProject
Project("{FAE04EC0-301F-11D3-BF4B-00C04F79EFBC}") = "SharePointPnP.ProvisioningApp.WebApp", "SharePointPnP.ProvisioningApp.WebApp\SharePointPnP.ProvisioningApp.WebApp.csproj", "{19AC033B-8064-4BF9-93DF-28F73464CFBB}"
EndProject
Project("{FAE04EC0-301F-11D3-BF4B-00C04F79EFBC}") = "SharePointPnP.ProvisioningApp.WebJob", "SharePointPnP.ProvisioningApp.WebJob\SharePointPnP.ProvisioningApp.WebJob.csproj", "{8C9546DD-6943-49D4-8AD2-A8437DE7DC14}"
EndProject
Project("{FAE04EC0-301F-11D3-BF4B-00C04F79EFBC}") = "SharePointPnP.ProvisioningApp.DomainModel", "SharePointPnP.ProvisioningApp.DomainModel\SharePointPnP.ProvisioningApp.DomainModel.csproj", "{59D12A73-DFCA-4E54-B15D-1958D0B1705D}"
EndProject
Project("{FAE04EC0-301F-11D3-BF4B-00C04F79EFBC}") = "SharePointPnP.ProvisioningApp.WebSite", "SharePointPnP.ProvisioningApp.WebSite\SharePointPnP.ProvisioningApp.WebSite.csproj", "{954B4198-4E96-4C2E-8F2E-43E509D80A45}"
EndProject
Project("{FAE04EC0-301F-11D3-BF4B-00C04F79EFBC}") = "SharePointPnP.ProvisioningApp.Sync", "SharePointPnP.ProvisioningApp.Sync\SharePointPnP.ProvisioningApp.Sync.csproj", "{DE114A59-64D5-40A5-BA91-2916A87A7215}"
EndProject
Project("{FAE04EC0-301F-11D3-BF4B-00C04F79EFBC}") = "SharePointPnP.ProvisioningApp.Sync.AzureStorage", "SharePointPnP.ProvisioningApp.Sync.AzureStorage\SharePointPnP.ProvisioningApp.Sync.AzureStorage.csproj", "{6517AEDF-3694-4381-A799-2A9C5E186BF6}"
EndProject
Project("{FAE04EC0-301F-11D3-BF4B-00C04F79EFBC}") = "SharePointPnP.ProvisioningApp.Sync.FileSystem", "SharePointPnP.ProvisioningApp.Sync.FileSystem\SharePointPnP.ProvisioningApp.Sync.FileSystem.csproj", "{EE44613D-0E27-49A3-9C8D-BCC79FD2DC3D}"
EndProject
Project("{FAE04EC0-301F-11D3-BF4B-00C04F79EFBC}") = "SharePointPnP.ProvisioningApp.Sync.GitHub", "SharePointPnP.ProvisioningApp.Sync.GitHub\SharePointPnP.ProvisioningApp.Sync.GitHub.csproj", "{D4661B76-CBAF-499E-87B2-CD3C130D14AC}"
EndProject
Project("{FAE04EC0-301F-11D3-BF4B-00C04F79EFBC}") = "SharePointPnP.ProvisioningApp.Sync.WebJob", "SharePointPnP.ProvisioningApp.Sync.WebJob\SharePointPnP.ProvisioningApp.Sync.WebJob.csproj", "{414F9DD9-A1BB-4BDD-8A7C-13FB5531EE1D}"
EndProject
Project("{FAE04EC0-301F-11D3-BF4B-00C04F79EFBC}") = "SharePointPnP.ProvisioningApp.SyncTests", "SharePointPnP.ProvisioningApp.SyncTests\SharePointPnP.ProvisioningApp.SyncTests.csproj", "{07EE673D-4042-468B-8C44-838933B7D48B}"
EndProject
Project("{FAE04EC0-301F-11D3-BF4B-00C04F79EFBC}") = "SharePointPnP.ProvisioningApp.MailTemplates", "SharePointPnP.ProvisioningApp.MailTemplates\SharePointPnP.ProvisioningApp.MailTemplates.csproj", "{859262ED-E06A-4665-BA63-C63B467A1A64}"
EndProject
Project("{9A19103F-16F7-4668-BE54-9A1E7A4F7556}") = "SharePointPnP.ProvisioningApp.ReportingFunction", "SharePointPnP.ProvisioningApp.ReportingFunction\SharePointPnP.ProvisioningApp.ReportingFunction.csproj", "{F1AC3B0C-0D19-4172-AACD-DA339FDF5913}"
EndProject
Project("{FAE04EC0-301F-11D3-BF4B-00C04F79EFBC}") = "SharePointPnP.ProvisioningApp.CleanupJob", "SharePointPnP.ProvisioningApp.CleanupJob\SharePointPnP.ProvisioningApp.CleanupJob.csproj", "{3F01DCBA-C853-432B-992A-D38679CB6DED}"
EndProject
Global
	GlobalSection(SolutionConfigurationPlatforms) = preSolution
		Debug|Any CPU = Debug|Any CPU
		Dev|Any CPU = Dev|Any CPU
		Release|Any CPU = Release|Any CPU
		Site.Dev|Any CPU = Site.Dev|Any CPU
		Site.Prod|Any CPU = Site.Prod|Any CPU
		Site.Test|Any CPU = Site.Test|Any CPU
		Site|Any CPU = Site|Any CPU
		Tenant.Dev|Any CPU = Tenant.Dev|Any CPU
		Tenant.Prod|Any CPU = Tenant.Prod|Any CPU
		Tenant.Test|Any CPU = Tenant.Test|Any CPU
		Tenant|Any CPU = Tenant|Any CPU
		Test|Any CPU = Test|Any CPU
	EndGlobalSection
	GlobalSection(ProjectConfigurationPlatforms) = postSolution
		{94821355-D352-4230-A3D8-884C2A4DD1F7}.Debug|Any CPU.ActiveCfg = Debug|Any CPU
		{94821355-D352-4230-A3D8-884C2A4DD1F7}.Debug|Any CPU.Build.0 = Debug|Any CPU
		{94821355-D352-4230-A3D8-884C2A4DD1F7}.Dev|Any CPU.ActiveCfg = Dev|Any CPU
		{94821355-D352-4230-A3D8-884C2A4DD1F7}.Dev|Any CPU.Build.0 = Dev|Any CPU
		{94821355-D352-4230-A3D8-884C2A4DD1F7}.Release|Any CPU.ActiveCfg = Release|Any CPU
		{94821355-D352-4230-A3D8-884C2A4DD1F7}.Release|Any CPU.Build.0 = Release|Any CPU
		{94821355-D352-4230-A3D8-884C2A4DD1F7}.Site.Dev|Any CPU.ActiveCfg = Site.Dev|Any CPU
		{94821355-D352-4230-A3D8-884C2A4DD1F7}.Site.Dev|Any CPU.Build.0 = Site.Dev|Any CPU
		{94821355-D352-4230-A3D8-884C2A4DD1F7}.Site.Prod|Any CPU.ActiveCfg = Site.Prod|Any CPU
		{94821355-D352-4230-A3D8-884C2A4DD1F7}.Site.Prod|Any CPU.Build.0 = Site.Prod|Any CPU
		{94821355-D352-4230-A3D8-884C2A4DD1F7}.Site.Test|Any CPU.ActiveCfg = Site.Test|Any CPU
		{94821355-D352-4230-A3D8-884C2A4DD1F7}.Site.Test|Any CPU.Build.0 = Site.Test|Any CPU
		{94821355-D352-4230-A3D8-884C2A4DD1F7}.Site|Any CPU.ActiveCfg = Site|Any CPU
		{94821355-D352-4230-A3D8-884C2A4DD1F7}.Site|Any CPU.Build.0 = Site|Any CPU
		{94821355-D352-4230-A3D8-884C2A4DD1F7}.Tenant.Dev|Any CPU.ActiveCfg = Tenant.Dev|Any CPU
		{94821355-D352-4230-A3D8-884C2A4DD1F7}.Tenant.Dev|Any CPU.Build.0 = Tenant.Dev|Any CPU
		{94821355-D352-4230-A3D8-884C2A4DD1F7}.Tenant.Prod|Any CPU.ActiveCfg = Tenant.Prod|Any CPU
		{94821355-D352-4230-A3D8-884C2A4DD1F7}.Tenant.Prod|Any CPU.Build.0 = Tenant.Prod|Any CPU
		{94821355-D352-4230-A3D8-884C2A4DD1F7}.Tenant.Test|Any CPU.ActiveCfg = Tenant.Test|Any CPU
		{94821355-D352-4230-A3D8-884C2A4DD1F7}.Tenant.Test|Any CPU.Build.0 = Tenant.Test|Any CPU
		{94821355-D352-4230-A3D8-884C2A4DD1F7}.Tenant|Any CPU.ActiveCfg = Tenant|Any CPU
		{94821355-D352-4230-A3D8-884C2A4DD1F7}.Tenant|Any CPU.Build.0 = Tenant|Any CPU
		{94821355-D352-4230-A3D8-884C2A4DD1F7}.Test|Any CPU.ActiveCfg = Test|Any CPU
		{94821355-D352-4230-A3D8-884C2A4DD1F7}.Test|Any CPU.Build.0 = Test|Any CPU
		{19AC033B-8064-4BF9-93DF-28F73464CFBB}.Debug|Any CPU.ActiveCfg = Debug|Any CPU
		{19AC033B-8064-4BF9-93DF-28F73464CFBB}.Debug|Any CPU.Build.0 = Debug|Any CPU
		{19AC033B-8064-4BF9-93DF-28F73464CFBB}.Dev|Any CPU.ActiveCfg = Dev|Any CPU
		{19AC033B-8064-4BF9-93DF-28F73464CFBB}.Dev|Any CPU.Build.0 = Dev|Any CPU
		{19AC033B-8064-4BF9-93DF-28F73464CFBB}.Release|Any CPU.ActiveCfg = Release|Any CPU
		{19AC033B-8064-4BF9-93DF-28F73464CFBB}.Release|Any CPU.Build.0 = Release|Any CPU
		{19AC033B-8064-4BF9-93DF-28F73464CFBB}.Site.Dev|Any CPU.ActiveCfg = Site.Dev|Any CPU
		{19AC033B-8064-4BF9-93DF-28F73464CFBB}.Site.Dev|Any CPU.Build.0 = Site.Dev|Any CPU
		{19AC033B-8064-4BF9-93DF-28F73464CFBB}.Site.Prod|Any CPU.ActiveCfg = Site.Prod|Any CPU
		{19AC033B-8064-4BF9-93DF-28F73464CFBB}.Site.Prod|Any CPU.Build.0 = Site.Prod|Any CPU
		{19AC033B-8064-4BF9-93DF-28F73464CFBB}.Site.Test|Any CPU.ActiveCfg = Site.Test|Any CPU
		{19AC033B-8064-4BF9-93DF-28F73464CFBB}.Site.Test|Any CPU.Build.0 = Site.Test|Any CPU
		{19AC033B-8064-4BF9-93DF-28F73464CFBB}.Site|Any CPU.ActiveCfg = Site|Any CPU
		{19AC033B-8064-4BF9-93DF-28F73464CFBB}.Site|Any CPU.Build.0 = Site|Any CPU
		{19AC033B-8064-4BF9-93DF-28F73464CFBB}.Tenant.Dev|Any CPU.ActiveCfg = Tenant.Dev|Any CPU
		{19AC033B-8064-4BF9-93DF-28F73464CFBB}.Tenant.Dev|Any CPU.Build.0 = Tenant.Dev|Any CPU
		{19AC033B-8064-4BF9-93DF-28F73464CFBB}.Tenant.Prod|Any CPU.ActiveCfg = Tenant.Prod|Any CPU
		{19AC033B-8064-4BF9-93DF-28F73464CFBB}.Tenant.Prod|Any CPU.Build.0 = Tenant.Prod|Any CPU
		{19AC033B-8064-4BF9-93DF-28F73464CFBB}.Tenant.Test|Any CPU.ActiveCfg = Tenant.Test|Any CPU
		{19AC033B-8064-4BF9-93DF-28F73464CFBB}.Tenant.Test|Any CPU.Build.0 = Tenant.Test|Any CPU
		{19AC033B-8064-4BF9-93DF-28F73464CFBB}.Tenant|Any CPU.ActiveCfg = Tenant|Any CPU
		{19AC033B-8064-4BF9-93DF-28F73464CFBB}.Tenant|Any CPU.Build.0 = Tenant|Any CPU
		{19AC033B-8064-4BF9-93DF-28F73464CFBB}.Test|Any CPU.ActiveCfg = Test|Any CPU
		{19AC033B-8064-4BF9-93DF-28F73464CFBB}.Test|Any CPU.Build.0 = Test|Any CPU
		{8C9546DD-6943-49D4-8AD2-A8437DE7DC14}.Debug|Any CPU.ActiveCfg = Debug|Any CPU
		{8C9546DD-6943-49D4-8AD2-A8437DE7DC14}.Debug|Any CPU.Build.0 = Debug|Any CPU
		{8C9546DD-6943-49D4-8AD2-A8437DE7DC14}.Dev|Any CPU.ActiveCfg = Dev|Any CPU
		{8C9546DD-6943-49D4-8AD2-A8437DE7DC14}.Dev|Any CPU.Build.0 = Dev|Any CPU
		{8C9546DD-6943-49D4-8AD2-A8437DE7DC14}.Release|Any CPU.ActiveCfg = Release|Any CPU
		{8C9546DD-6943-49D4-8AD2-A8437DE7DC14}.Release|Any CPU.Build.0 = Release|Any CPU
		{8C9546DD-6943-49D4-8AD2-A8437DE7DC14}.Site.Dev|Any CPU.ActiveCfg = Site.Dev|Any CPU
		{8C9546DD-6943-49D4-8AD2-A8437DE7DC14}.Site.Dev|Any CPU.Build.0 = Site.Dev|Any CPU
		{8C9546DD-6943-49D4-8AD2-A8437DE7DC14}.Site.Prod|Any CPU.ActiveCfg = Site.Prod|Any CPU
		{8C9546DD-6943-49D4-8AD2-A8437DE7DC14}.Site.Prod|Any CPU.Build.0 = Site.Prod|Any CPU
		{8C9546DD-6943-49D4-8AD2-A8437DE7DC14}.Site.Test|Any CPU.ActiveCfg = Site.Test|Any CPU
		{8C9546DD-6943-49D4-8AD2-A8437DE7DC14}.Site.Test|Any CPU.Build.0 = Site.Test|Any CPU
		{8C9546DD-6943-49D4-8AD2-A8437DE7DC14}.Site|Any CPU.ActiveCfg = Site|Any CPU
		{8C9546DD-6943-49D4-8AD2-A8437DE7DC14}.Site|Any CPU.Build.0 = Site|Any CPU
		{8C9546DD-6943-49D4-8AD2-A8437DE7DC14}.Tenant.Dev|Any CPU.ActiveCfg = Tenant.Dev|Any CPU
		{8C9546DD-6943-49D4-8AD2-A8437DE7DC14}.Tenant.Dev|Any CPU.Build.0 = Tenant.Dev|Any CPU
		{8C9546DD-6943-49D4-8AD2-A8437DE7DC14}.Tenant.Prod|Any CPU.ActiveCfg = Tenant.Prod|Any CPU
		{8C9546DD-6943-49D4-8AD2-A8437DE7DC14}.Tenant.Prod|Any CPU.Build.0 = Tenant.Prod|Any CPU
		{8C9546DD-6943-49D4-8AD2-A8437DE7DC14}.Tenant.Test|Any CPU.ActiveCfg = Tenant.Test|Any CPU
		{8C9546DD-6943-49D4-8AD2-A8437DE7DC14}.Tenant.Test|Any CPU.Build.0 = Tenant.Test|Any CPU
		{8C9546DD-6943-49D4-8AD2-A8437DE7DC14}.Tenant|Any CPU.ActiveCfg = Tenant|Any CPU
		{8C9546DD-6943-49D4-8AD2-A8437DE7DC14}.Tenant|Any CPU.Build.0 = Tenant|Any CPU
		{8C9546DD-6943-49D4-8AD2-A8437DE7DC14}.Test|Any CPU.ActiveCfg = Test|Any CPU
		{8C9546DD-6943-49D4-8AD2-A8437DE7DC14}.Test|Any CPU.Build.0 = Test|Any CPU
		{59D12A73-DFCA-4E54-B15D-1958D0B1705D}.Debug|Any CPU.ActiveCfg = Debug|Any CPU
		{59D12A73-DFCA-4E54-B15D-1958D0B1705D}.Debug|Any CPU.Build.0 = Debug|Any CPU
		{59D12A73-DFCA-4E54-B15D-1958D0B1705D}.Dev|Any CPU.ActiveCfg = Dev|Any CPU
		{59D12A73-DFCA-4E54-B15D-1958D0B1705D}.Dev|Any CPU.Build.0 = Dev|Any CPU
		{59D12A73-DFCA-4E54-B15D-1958D0B1705D}.Release|Any CPU.ActiveCfg = Release|Any CPU
		{59D12A73-DFCA-4E54-B15D-1958D0B1705D}.Release|Any CPU.Build.0 = Release|Any CPU
		{59D12A73-DFCA-4E54-B15D-1958D0B1705D}.Site.Dev|Any CPU.ActiveCfg = Site.Dev|Any CPU
		{59D12A73-DFCA-4E54-B15D-1958D0B1705D}.Site.Dev|Any CPU.Build.0 = Site.Dev|Any CPU
		{59D12A73-DFCA-4E54-B15D-1958D0B1705D}.Site.Prod|Any CPU.ActiveCfg = Site.Prod|Any CPU
		{59D12A73-DFCA-4E54-B15D-1958D0B1705D}.Site.Prod|Any CPU.Build.0 = Site.Prod|Any CPU
		{59D12A73-DFCA-4E54-B15D-1958D0B1705D}.Site.Test|Any CPU.ActiveCfg = Site.Test|Any CPU
		{59D12A73-DFCA-4E54-B15D-1958D0B1705D}.Site.Test|Any CPU.Build.0 = Site.Test|Any CPU
		{59D12A73-DFCA-4E54-B15D-1958D0B1705D}.Site|Any CPU.ActiveCfg = Release|Any CPU
		{59D12A73-DFCA-4E54-B15D-1958D0B1705D}.Site|Any CPU.Build.0 = Release|Any CPU
		{59D12A73-DFCA-4E54-B15D-1958D0B1705D}.Tenant.Dev|Any CPU.ActiveCfg = Tenant.Dev|Any CPU
		{59D12A73-DFCA-4E54-B15D-1958D0B1705D}.Tenant.Dev|Any CPU.Build.0 = Tenant.Dev|Any CPU
		{59D12A73-DFCA-4E54-B15D-1958D0B1705D}.Tenant.Prod|Any CPU.ActiveCfg = Tenant.Prod|Any CPU
		{59D12A73-DFCA-4E54-B15D-1958D0B1705D}.Tenant.Prod|Any CPU.Build.0 = Tenant.Prod|Any CPU
		{59D12A73-DFCA-4E54-B15D-1958D0B1705D}.Tenant.Test|Any CPU.ActiveCfg = Tenant.Test|Any CPU
		{59D12A73-DFCA-4E54-B15D-1958D0B1705D}.Tenant.Test|Any CPU.Build.0 = Tenant.Test|Any CPU
		{59D12A73-DFCA-4E54-B15D-1958D0B1705D}.Tenant|Any CPU.ActiveCfg = Release|Any CPU
		{59D12A73-DFCA-4E54-B15D-1958D0B1705D}.Tenant|Any CPU.Build.0 = Release|Any CPU
		{59D12A73-DFCA-4E54-B15D-1958D0B1705D}.Test|Any CPU.ActiveCfg = Test|Any CPU
		{59D12A73-DFCA-4E54-B15D-1958D0B1705D}.Test|Any CPU.Build.0 = Test|Any CPU
		{954B4198-4E96-4C2E-8F2E-43E509D80A45}.Debug|Any CPU.ActiveCfg = Debug|Any CPU
		{954B4198-4E96-4C2E-8F2E-43E509D80A45}.Debug|Any CPU.Build.0 = Debug|Any CPU
		{954B4198-4E96-4C2E-8F2E-43E509D80A45}.Dev|Any CPU.ActiveCfg = Dev|Any CPU
		{954B4198-4E96-4C2E-8F2E-43E509D80A45}.Dev|Any CPU.Build.0 = Dev|Any CPU
		{954B4198-4E96-4C2E-8F2E-43E509D80A45}.Release|Any CPU.ActiveCfg = Release|Any CPU
		{954B4198-4E96-4C2E-8F2E-43E509D80A45}.Release|Any CPU.Build.0 = Release|Any CPU
		{954B4198-4E96-4C2E-8F2E-43E509D80A45}.Site.Dev|Any CPU.ActiveCfg = Site.Dev|Any CPU
		{954B4198-4E96-4C2E-8F2E-43E509D80A45}.Site.Dev|Any CPU.Build.0 = Site.Dev|Any CPU
		{954B4198-4E96-4C2E-8F2E-43E509D80A45}.Site.Prod|Any CPU.ActiveCfg = Site.Prod|Any CPU
		{954B4198-4E96-4C2E-8F2E-43E509D80A45}.Site.Prod|Any CPU.Build.0 = Site.Prod|Any CPU
		{954B4198-4E96-4C2E-8F2E-43E509D80A45}.Site.Test|Any CPU.ActiveCfg = Site.Test|Any CPU
		{954B4198-4E96-4C2E-8F2E-43E509D80A45}.Site.Test|Any CPU.Build.0 = Site.Test|Any CPU
		{954B4198-4E96-4C2E-8F2E-43E509D80A45}.Site|Any CPU.ActiveCfg = Site|Any CPU
		{954B4198-4E96-4C2E-8F2E-43E509D80A45}.Site|Any CPU.Build.0 = Site|Any CPU
		{954B4198-4E96-4C2E-8F2E-43E509D80A45}.Tenant.Dev|Any CPU.ActiveCfg = Tenant.Dev|Any CPU
		{954B4198-4E96-4C2E-8F2E-43E509D80A45}.Tenant.Dev|Any CPU.Build.0 = Tenant.Dev|Any CPU
		{954B4198-4E96-4C2E-8F2E-43E509D80A45}.Tenant.Prod|Any CPU.ActiveCfg = Tenant.Prod|Any CPU
		{954B4198-4E96-4C2E-8F2E-43E509D80A45}.Tenant.Prod|Any CPU.Build.0 = Tenant.Prod|Any CPU
		{954B4198-4E96-4C2E-8F2E-43E509D80A45}.Tenant.Test|Any CPU.ActiveCfg = Tenant.Test|Any CPU
		{954B4198-4E96-4C2E-8F2E-43E509D80A45}.Tenant.Test|Any CPU.Build.0 = Tenant.Test|Any CPU
		{954B4198-4E96-4C2E-8F2E-43E509D80A45}.Tenant|Any CPU.ActiveCfg = Tenant|Any CPU
		{954B4198-4E96-4C2E-8F2E-43E509D80A45}.Tenant|Any CPU.Build.0 = Tenant|Any CPU
		{954B4198-4E96-4C2E-8F2E-43E509D80A45}.Test|Any CPU.ActiveCfg = Test|Any CPU
		{954B4198-4E96-4C2E-8F2E-43E509D80A45}.Test|Any CPU.Build.0 = Test|Any CPU
		{DE114A59-64D5-40A5-BA91-2916A87A7215}.Debug|Any CPU.ActiveCfg = Debug|Any CPU
		{DE114A59-64D5-40A5-BA91-2916A87A7215}.Debug|Any CPU.Build.0 = Debug|Any CPU
		{DE114A59-64D5-40A5-BA91-2916A87A7215}.Dev|Any CPU.ActiveCfg = Dev|Any CPU
		{DE114A59-64D5-40A5-BA91-2916A87A7215}.Dev|Any CPU.Build.0 = Dev|Any CPU
		{DE114A59-64D5-40A5-BA91-2916A87A7215}.Release|Any CPU.ActiveCfg = Release|Any CPU
		{DE114A59-64D5-40A5-BA91-2916A87A7215}.Release|Any CPU.Build.0 = Release|Any CPU
		{DE114A59-64D5-40A5-BA91-2916A87A7215}.Site.Dev|Any CPU.ActiveCfg = Site.Dev|Any CPU
		{DE114A59-64D5-40A5-BA91-2916A87A7215}.Site.Dev|Any CPU.Build.0 = Site.Dev|Any CPU
		{DE114A59-64D5-40A5-BA91-2916A87A7215}.Site.Prod|Any CPU.ActiveCfg = Site.Prod|Any CPU
		{DE114A59-64D5-40A5-BA91-2916A87A7215}.Site.Prod|Any CPU.Build.0 = Site.Prod|Any CPU
		{DE114A59-64D5-40A5-BA91-2916A87A7215}.Site.Test|Any CPU.ActiveCfg = Site.Test|Any CPU
		{DE114A59-64D5-40A5-BA91-2916A87A7215}.Site.Test|Any CPU.Build.0 = Site.Test|Any CPU
		{DE114A59-64D5-40A5-BA91-2916A87A7215}.Site|Any CPU.ActiveCfg = Release|Any CPU
		{DE114A59-64D5-40A5-BA91-2916A87A7215}.Site|Any CPU.Build.0 = Release|Any CPU
		{DE114A59-64D5-40A5-BA91-2916A87A7215}.Tenant.Dev|Any CPU.ActiveCfg = Tenant.Dev|Any CPU
		{DE114A59-64D5-40A5-BA91-2916A87A7215}.Tenant.Dev|Any CPU.Build.0 = Tenant.Dev|Any CPU
		{DE114A59-64D5-40A5-BA91-2916A87A7215}.Tenant.Prod|Any CPU.ActiveCfg = Tenant.Prod|Any CPU
		{DE114A59-64D5-40A5-BA91-2916A87A7215}.Tenant.Prod|Any CPU.Build.0 = Tenant.Prod|Any CPU
		{DE114A59-64D5-40A5-BA91-2916A87A7215}.Tenant.Test|Any CPU.ActiveCfg = Tenant.Test|Any CPU
		{DE114A59-64D5-40A5-BA91-2916A87A7215}.Tenant.Test|Any CPU.Build.0 = Tenant.Test|Any CPU
		{DE114A59-64D5-40A5-BA91-2916A87A7215}.Tenant|Any CPU.ActiveCfg = Release|Any CPU
		{DE114A59-64D5-40A5-BA91-2916A87A7215}.Tenant|Any CPU.Build.0 = Release|Any CPU
		{DE114A59-64D5-40A5-BA91-2916A87A7215}.Test|Any CPU.ActiveCfg = Test|Any CPU
		{DE114A59-64D5-40A5-BA91-2916A87A7215}.Test|Any CPU.Build.0 = Test|Any CPU
		{6517AEDF-3694-4381-A799-2A9C5E186BF6}.Debug|Any CPU.ActiveCfg = Debug|Any CPU
		{6517AEDF-3694-4381-A799-2A9C5E186BF6}.Debug|Any CPU.Build.0 = Debug|Any CPU
		{6517AEDF-3694-4381-A799-2A9C5E186BF6}.Dev|Any CPU.ActiveCfg = Dev|Any CPU
		{6517AEDF-3694-4381-A799-2A9C5E186BF6}.Dev|Any CPU.Build.0 = Dev|Any CPU
		{6517AEDF-3694-4381-A799-2A9C5E186BF6}.Release|Any CPU.ActiveCfg = Release|Any CPU
		{6517AEDF-3694-4381-A799-2A9C5E186BF6}.Release|Any CPU.Build.0 = Release|Any CPU
		{6517AEDF-3694-4381-A799-2A9C5E186BF6}.Site.Dev|Any CPU.ActiveCfg = Site.Dev|Any CPU
		{6517AEDF-3694-4381-A799-2A9C5E186BF6}.Site.Dev|Any CPU.Build.0 = Site.Dev|Any CPU
		{6517AEDF-3694-4381-A799-2A9C5E186BF6}.Site.Prod|Any CPU.ActiveCfg = Site.Prod|Any CPU
		{6517AEDF-3694-4381-A799-2A9C5E186BF6}.Site.Prod|Any CPU.Build.0 = Site.Prod|Any CPU
		{6517AEDF-3694-4381-A799-2A9C5E186BF6}.Site.Test|Any CPU.ActiveCfg = Site.Test|Any CPU
		{6517AEDF-3694-4381-A799-2A9C5E186BF6}.Site.Test|Any CPU.Build.0 = Site.Test|Any CPU
		{6517AEDF-3694-4381-A799-2A9C5E186BF6}.Site|Any CPU.ActiveCfg = Release|Any CPU
		{6517AEDF-3694-4381-A799-2A9C5E186BF6}.Site|Any CPU.Build.0 = Release|Any CPU
		{6517AEDF-3694-4381-A799-2A9C5E186BF6}.Tenant.Dev|Any CPU.ActiveCfg = Tenant.Dev|Any CPU
		{6517AEDF-3694-4381-A799-2A9C5E186BF6}.Tenant.Dev|Any CPU.Build.0 = Tenant.Dev|Any CPU
		{6517AEDF-3694-4381-A799-2A9C5E186BF6}.Tenant.Prod|Any CPU.ActiveCfg = Tenant.Prod|Any CPU
		{6517AEDF-3694-4381-A799-2A9C5E186BF6}.Tenant.Prod|Any CPU.Build.0 = Tenant.Prod|Any CPU
		{6517AEDF-3694-4381-A799-2A9C5E186BF6}.Tenant.Test|Any CPU.ActiveCfg = Tenant.Test|Any CPU
		{6517AEDF-3694-4381-A799-2A9C5E186BF6}.Tenant.Test|Any CPU.Build.0 = Tenant.Test|Any CPU
		{6517AEDF-3694-4381-A799-2A9C5E186BF6}.Tenant|Any CPU.ActiveCfg = Release|Any CPU
		{6517AEDF-3694-4381-A799-2A9C5E186BF6}.Tenant|Any CPU.Build.0 = Release|Any CPU
		{6517AEDF-3694-4381-A799-2A9C5E186BF6}.Test|Any CPU.ActiveCfg = Test|Any CPU
		{6517AEDF-3694-4381-A799-2A9C5E186BF6}.Test|Any CPU.Build.0 = Test|Any CPU
		{EE44613D-0E27-49A3-9C8D-BCC79FD2DC3D}.Debug|Any CPU.ActiveCfg = Debug|Any CPU
		{EE44613D-0E27-49A3-9C8D-BCC79FD2DC3D}.Debug|Any CPU.Build.0 = Debug|Any CPU
		{EE44613D-0E27-49A3-9C8D-BCC79FD2DC3D}.Dev|Any CPU.ActiveCfg = Dev|Any CPU
		{EE44613D-0E27-49A3-9C8D-BCC79FD2DC3D}.Dev|Any CPU.Build.0 = Dev|Any CPU
		{EE44613D-0E27-49A3-9C8D-BCC79FD2DC3D}.Release|Any CPU.ActiveCfg = Release|Any CPU
		{EE44613D-0E27-49A3-9C8D-BCC79FD2DC3D}.Release|Any CPU.Build.0 = Release|Any CPU
		{EE44613D-0E27-49A3-9C8D-BCC79FD2DC3D}.Site.Dev|Any CPU.ActiveCfg = Site.Dev|Any CPU
		{EE44613D-0E27-49A3-9C8D-BCC79FD2DC3D}.Site.Dev|Any CPU.Build.0 = Site.Dev|Any CPU
		{EE44613D-0E27-49A3-9C8D-BCC79FD2DC3D}.Site.Prod|Any CPU.ActiveCfg = Site.Prod|Any CPU
		{EE44613D-0E27-49A3-9C8D-BCC79FD2DC3D}.Site.Prod|Any CPU.Build.0 = Site.Prod|Any CPU
		{EE44613D-0E27-49A3-9C8D-BCC79FD2DC3D}.Site.Test|Any CPU.ActiveCfg = Site.Test|Any CPU
		{EE44613D-0E27-49A3-9C8D-BCC79FD2DC3D}.Site.Test|Any CPU.Build.0 = Site.Test|Any CPU
		{EE44613D-0E27-49A3-9C8D-BCC79FD2DC3D}.Site|Any CPU.ActiveCfg = Release|Any CPU
		{EE44613D-0E27-49A3-9C8D-BCC79FD2DC3D}.Site|Any CPU.Build.0 = Release|Any CPU
		{EE44613D-0E27-49A3-9C8D-BCC79FD2DC3D}.Tenant.Dev|Any CPU.ActiveCfg = Tenant.Dev|Any CPU
		{EE44613D-0E27-49A3-9C8D-BCC79FD2DC3D}.Tenant.Dev|Any CPU.Build.0 = Tenant.Dev|Any CPU
		{EE44613D-0E27-49A3-9C8D-BCC79FD2DC3D}.Tenant.Prod|Any CPU.ActiveCfg = Tenant.Prod|Any CPU
		{EE44613D-0E27-49A3-9C8D-BCC79FD2DC3D}.Tenant.Prod|Any CPU.Build.0 = Tenant.Prod|Any CPU
		{EE44613D-0E27-49A3-9C8D-BCC79FD2DC3D}.Tenant.Test|Any CPU.ActiveCfg = Tenant.Test|Any CPU
		{EE44613D-0E27-49A3-9C8D-BCC79FD2DC3D}.Tenant.Test|Any CPU.Build.0 = Tenant.Test|Any CPU
		{EE44613D-0E27-49A3-9C8D-BCC79FD2DC3D}.Tenant|Any CPU.ActiveCfg = Release|Any CPU
		{EE44613D-0E27-49A3-9C8D-BCC79FD2DC3D}.Tenant|Any CPU.Build.0 = Release|Any CPU
		{EE44613D-0E27-49A3-9C8D-BCC79FD2DC3D}.Test|Any CPU.ActiveCfg = Test|Any CPU
		{EE44613D-0E27-49A3-9C8D-BCC79FD2DC3D}.Test|Any CPU.Build.0 = Test|Any CPU
		{D4661B76-CBAF-499E-87B2-CD3C130D14AC}.Debug|Any CPU.ActiveCfg = Debug|Any CPU
		{D4661B76-CBAF-499E-87B2-CD3C130D14AC}.Debug|Any CPU.Build.0 = Debug|Any CPU
		{D4661B76-CBAF-499E-87B2-CD3C130D14AC}.Dev|Any CPU.ActiveCfg = Dev|Any CPU
		{D4661B76-CBAF-499E-87B2-CD3C130D14AC}.Dev|Any CPU.Build.0 = Dev|Any CPU
		{D4661B76-CBAF-499E-87B2-CD3C130D14AC}.Release|Any CPU.ActiveCfg = Release|Any CPU
		{D4661B76-CBAF-499E-87B2-CD3C130D14AC}.Release|Any CPU.Build.0 = Release|Any CPU
		{D4661B76-CBAF-499E-87B2-CD3C130D14AC}.Site.Dev|Any CPU.ActiveCfg = Site.Dev|Any CPU
		{D4661B76-CBAF-499E-87B2-CD3C130D14AC}.Site.Dev|Any CPU.Build.0 = Site.Dev|Any CPU
		{D4661B76-CBAF-499E-87B2-CD3C130D14AC}.Site.Prod|Any CPU.ActiveCfg = Site.Prod|Any CPU
		{D4661B76-CBAF-499E-87B2-CD3C130D14AC}.Site.Prod|Any CPU.Build.0 = Site.Prod|Any CPU
		{D4661B76-CBAF-499E-87B2-CD3C130D14AC}.Site.Test|Any CPU.ActiveCfg = Site.Test|Any CPU
		{D4661B76-CBAF-499E-87B2-CD3C130D14AC}.Site.Test|Any CPU.Build.0 = Site.Test|Any CPU
		{D4661B76-CBAF-499E-87B2-CD3C130D14AC}.Site|Any CPU.ActiveCfg = Release|Any CPU
		{D4661B76-CBAF-499E-87B2-CD3C130D14AC}.Site|Any CPU.Build.0 = Release|Any CPU
		{D4661B76-CBAF-499E-87B2-CD3C130D14AC}.Tenant.Dev|Any CPU.ActiveCfg = Tenant.Dev|Any CPU
		{D4661B76-CBAF-499E-87B2-CD3C130D14AC}.Tenant.Dev|Any CPU.Build.0 = Tenant.Dev|Any CPU
		{D4661B76-CBAF-499E-87B2-CD3C130D14AC}.Tenant.Prod|Any CPU.ActiveCfg = Tenant.Prod|Any CPU
		{D4661B76-CBAF-499E-87B2-CD3C130D14AC}.Tenant.Prod|Any CPU.Build.0 = Tenant.Prod|Any CPU
		{D4661B76-CBAF-499E-87B2-CD3C130D14AC}.Tenant.Test|Any CPU.ActiveCfg = Tenant.Test|Any CPU
		{D4661B76-CBAF-499E-87B2-CD3C130D14AC}.Tenant.Test|Any CPU.Build.0 = Tenant.Test|Any CPU
		{D4661B76-CBAF-499E-87B2-CD3C130D14AC}.Tenant|Any CPU.ActiveCfg = Release|Any CPU
		{D4661B76-CBAF-499E-87B2-CD3C130D14AC}.Tenant|Any CPU.Build.0 = Release|Any CPU
		{D4661B76-CBAF-499E-87B2-CD3C130D14AC}.Test|Any CPU.ActiveCfg = Test|Any CPU
		{D4661B76-CBAF-499E-87B2-CD3C130D14AC}.Test|Any CPU.Build.0 = Test|Any CPU
		{414F9DD9-A1BB-4BDD-8A7C-13FB5531EE1D}.Debug|Any CPU.ActiveCfg = Debug|Any CPU
		{414F9DD9-A1BB-4BDD-8A7C-13FB5531EE1D}.Debug|Any CPU.Build.0 = Debug|Any CPU
		{414F9DD9-A1BB-4BDD-8A7C-13FB5531EE1D}.Dev|Any CPU.ActiveCfg = Dev|Any CPU
		{414F9DD9-A1BB-4BDD-8A7C-13FB5531EE1D}.Dev|Any CPU.Build.0 = Dev|Any CPU
		{414F9DD9-A1BB-4BDD-8A7C-13FB5531EE1D}.Release|Any CPU.ActiveCfg = Release|Any CPU
		{414F9DD9-A1BB-4BDD-8A7C-13FB5531EE1D}.Release|Any CPU.Build.0 = Release|Any CPU
		{414F9DD9-A1BB-4BDD-8A7C-13FB5531EE1D}.Site.Dev|Any CPU.ActiveCfg = Site.Dev|Any CPU
		{414F9DD9-A1BB-4BDD-8A7C-13FB5531EE1D}.Site.Dev|Any CPU.Build.0 = Site.Dev|Any CPU
		{414F9DD9-A1BB-4BDD-8A7C-13FB5531EE1D}.Site.Prod|Any CPU.ActiveCfg = Site.Prod|Any CPU
		{414F9DD9-A1BB-4BDD-8A7C-13FB5531EE1D}.Site.Prod|Any CPU.Build.0 = Site.Prod|Any CPU
		{414F9DD9-A1BB-4BDD-8A7C-13FB5531EE1D}.Site.Test|Any CPU.ActiveCfg = Site.Test|Any CPU
		{414F9DD9-A1BB-4BDD-8A7C-13FB5531EE1D}.Site.Test|Any CPU.Build.0 = Site.Test|Any CPU
		{414F9DD9-A1BB-4BDD-8A7C-13FB5531EE1D}.Site|Any CPU.ActiveCfg = Release|Any CPU
		{414F9DD9-A1BB-4BDD-8A7C-13FB5531EE1D}.Site|Any CPU.Build.0 = Release|Any CPU
		{414F9DD9-A1BB-4BDD-8A7C-13FB5531EE1D}.Tenant.Dev|Any CPU.ActiveCfg = Tenant.Dev|Any CPU
		{414F9DD9-A1BB-4BDD-8A7C-13FB5531EE1D}.Tenant.Dev|Any CPU.Build.0 = Tenant.Dev|Any CPU
		{414F9DD9-A1BB-4BDD-8A7C-13FB5531EE1D}.Tenant.Prod|Any CPU.ActiveCfg = Tenant.Prod|Any CPU
		{414F9DD9-A1BB-4BDD-8A7C-13FB5531EE1D}.Tenant.Prod|Any CPU.Build.0 = Tenant.Prod|Any CPU
		{414F9DD9-A1BB-4BDD-8A7C-13FB5531EE1D}.Tenant.Test|Any CPU.ActiveCfg = Tenant.Test|Any CPU
		{414F9DD9-A1BB-4BDD-8A7C-13FB5531EE1D}.Tenant.Test|Any CPU.Build.0 = Tenant.Test|Any CPU
		{414F9DD9-A1BB-4BDD-8A7C-13FB5531EE1D}.Tenant|Any CPU.ActiveCfg = Release|Any CPU
		{414F9DD9-A1BB-4BDD-8A7C-13FB5531EE1D}.Tenant|Any CPU.Build.0 = Release|Any CPU
		{414F9DD9-A1BB-4BDD-8A7C-13FB5531EE1D}.Test|Any CPU.ActiveCfg = Test|Any CPU
		{414F9DD9-A1BB-4BDD-8A7C-13FB5531EE1D}.Test|Any CPU.Build.0 = Test|Any CPU
		{07EE673D-4042-468B-8C44-838933B7D48B}.Debug|Any CPU.ActiveCfg = Debug|Any CPU
		{07EE673D-4042-468B-8C44-838933B7D48B}.Debug|Any CPU.Build.0 = Debug|Any CPU
		{07EE673D-4042-468B-8C44-838933B7D48B}.Dev|Any CPU.ActiveCfg = Dev|Any CPU
		{07EE673D-4042-468B-8C44-838933B7D48B}.Dev|Any CPU.Build.0 = Dev|Any CPU
		{07EE673D-4042-468B-8C44-838933B7D48B}.Release|Any CPU.ActiveCfg = Release|Any CPU
		{07EE673D-4042-468B-8C44-838933B7D48B}.Release|Any CPU.Build.0 = Release|Any CPU
		{07EE673D-4042-468B-8C44-838933B7D48B}.Site.Dev|Any CPU.ActiveCfg = Site.Dev|Any CPU
		{07EE673D-4042-468B-8C44-838933B7D48B}.Site.Dev|Any CPU.Build.0 = Site.Dev|Any CPU
		{07EE673D-4042-468B-8C44-838933B7D48B}.Site.Prod|Any CPU.ActiveCfg = Site.Prod|Any CPU
		{07EE673D-4042-468B-8C44-838933B7D48B}.Site.Prod|Any CPU.Build.0 = Site.Prod|Any CPU
		{07EE673D-4042-468B-8C44-838933B7D48B}.Site.Test|Any CPU.ActiveCfg = Site.Test|Any CPU
		{07EE673D-4042-468B-8C44-838933B7D48B}.Site.Test|Any CPU.Build.0 = Site.Test|Any CPU
		{07EE673D-4042-468B-8C44-838933B7D48B}.Site|Any CPU.ActiveCfg = Release|Any CPU
		{07EE673D-4042-468B-8C44-838933B7D48B}.Site|Any CPU.Build.0 = Release|Any CPU
		{07EE673D-4042-468B-8C44-838933B7D48B}.Tenant.Dev|Any CPU.ActiveCfg = Tenant.Dev|Any CPU
		{07EE673D-4042-468B-8C44-838933B7D48B}.Tenant.Dev|Any CPU.Build.0 = Tenant.Dev|Any CPU
		{07EE673D-4042-468B-8C44-838933B7D48B}.Tenant.Prod|Any CPU.ActiveCfg = Tenant.Prod|Any CPU
		{07EE673D-4042-468B-8C44-838933B7D48B}.Tenant.Prod|Any CPU.Build.0 = Tenant.Prod|Any CPU
		{07EE673D-4042-468B-8C44-838933B7D48B}.Tenant.Test|Any CPU.ActiveCfg = Tenant.Test|Any CPU
		{07EE673D-4042-468B-8C44-838933B7D48B}.Tenant.Test|Any CPU.Build.0 = Tenant.Test|Any CPU
		{07EE673D-4042-468B-8C44-838933B7D48B}.Tenant|Any CPU.ActiveCfg = Release|Any CPU
		{07EE673D-4042-468B-8C44-838933B7D48B}.Tenant|Any CPU.Build.0 = Release|Any CPU
		{07EE673D-4042-468B-8C44-838933B7D48B}.Test|Any CPU.ActiveCfg = Test|Any CPU
		{07EE673D-4042-468B-8C44-838933B7D48B}.Test|Any CPU.Build.0 = Test|Any CPU
		{859262ED-E06A-4665-BA63-C63B467A1A64}.Debug|Any CPU.ActiveCfg = Debug|Any CPU
		{859262ED-E06A-4665-BA63-C63B467A1A64}.Debug|Any CPU.Build.0 = Debug|Any CPU
		{859262ED-E06A-4665-BA63-C63B467A1A64}.Dev|Any CPU.ActiveCfg = Dev|Any CPU
		{859262ED-E06A-4665-BA63-C63B467A1A64}.Dev|Any CPU.Build.0 = Dev|Any CPU
		{859262ED-E06A-4665-BA63-C63B467A1A64}.Release|Any CPU.ActiveCfg = Release|Any CPU
		{859262ED-E06A-4665-BA63-C63B467A1A64}.Release|Any CPU.Build.0 = Release|Any CPU
		{859262ED-E06A-4665-BA63-C63B467A1A64}.Site.Dev|Any CPU.ActiveCfg = Site.Dev|Any CPU
		{859262ED-E06A-4665-BA63-C63B467A1A64}.Site.Dev|Any CPU.Build.0 = Site.Dev|Any CPU
		{859262ED-E06A-4665-BA63-C63B467A1A64}.Site.Prod|Any CPU.ActiveCfg = Release|Any CPU
		{859262ED-E06A-4665-BA63-C63B467A1A64}.Site.Prod|Any CPU.Build.0 = Release|Any CPU
		{859262ED-E06A-4665-BA63-C63B467A1A64}.Site.Test|Any CPU.ActiveCfg = Release|Any CPU
		{859262ED-E06A-4665-BA63-C63B467A1A64}.Site.Test|Any CPU.Build.0 = Release|Any CPU
		{859262ED-E06A-4665-BA63-C63B467A1A64}.Site|Any CPU.ActiveCfg = Release|Any CPU
		{859262ED-E06A-4665-BA63-C63B467A1A64}.Site|Any CPU.Build.0 = Release|Any CPU
		{859262ED-E06A-4665-BA63-C63B467A1A64}.Tenant.Dev|Any CPU.ActiveCfg = Tenant.Dev|Any CPU
		{859262ED-E06A-4665-BA63-C63B467A1A64}.Tenant.Dev|Any CPU.Build.0 = Tenant.Dev|Any CPU
		{859262ED-E06A-4665-BA63-C63B467A1A64}.Tenant.Prod|Any CPU.ActiveCfg = Release|Any CPU
		{859262ED-E06A-4665-BA63-C63B467A1A64}.Tenant.Prod|Any CPU.Build.0 = Release|Any CPU
		{859262ED-E06A-4665-BA63-C63B467A1A64}.Tenant.Test|Any CPU.ActiveCfg = Release|Any CPU
		{859262ED-E06A-4665-BA63-C63B467A1A64}.Tenant.Test|Any CPU.Build.0 = Release|Any CPU
		{859262ED-E06A-4665-BA63-C63B467A1A64}.Tenant|Any CPU.ActiveCfg = Release|Any CPU
		{859262ED-E06A-4665-BA63-C63B467A1A64}.Tenant|Any CPU.Build.0 = Release|Any CPU
		{859262ED-E06A-4665-BA63-C63B467A1A64}.Test|Any CPU.ActiveCfg = Release|Any CPU
		{859262ED-E06A-4665-BA63-C63B467A1A64}.Test|Any CPU.Build.0 = Release|Any CPU
		{F1AC3B0C-0D19-4172-AACD-DA339FDF5913}.Debug|Any CPU.ActiveCfg = Debug|Any CPU
		{F1AC3B0C-0D19-4172-AACD-DA339FDF5913}.Debug|Any CPU.Build.0 = Debug|Any CPU
		{F1AC3B0C-0D19-4172-AACD-DA339FDF5913}.Dev|Any CPU.ActiveCfg = Dev|Any CPU
		{F1AC3B0C-0D19-4172-AACD-DA339FDF5913}.Dev|Any CPU.Build.0 = Dev|Any CPU
		{F1AC3B0C-0D19-4172-AACD-DA339FDF5913}.Release|Any CPU.ActiveCfg = Release|Any CPU
		{F1AC3B0C-0D19-4172-AACD-DA339FDF5913}.Release|Any CPU.Build.0 = Release|Any CPU
		{F1AC3B0C-0D19-4172-AACD-DA339FDF5913}.Site.Dev|Any CPU.ActiveCfg = Site.Dev|Any CPU
		{F1AC3B0C-0D19-4172-AACD-DA339FDF5913}.Site.Dev|Any CPU.Build.0 = Site.Dev|Any CPU
		{F1AC3B0C-0D19-4172-AACD-DA339FDF5913}.Site.Prod|Any CPU.ActiveCfg = Debug|Any CPU
		{F1AC3B0C-0D19-4172-AACD-DA339FDF5913}.Site.Prod|Any CPU.Build.0 = Debug|Any CPU
		{F1AC3B0C-0D19-4172-AACD-DA339FDF5913}.Site.Test|Any CPU.ActiveCfg = Debug|Any CPU
		{F1AC3B0C-0D19-4172-AACD-DA339FDF5913}.Site.Test|Any CPU.Build.0 = Debug|Any CPU
		{F1AC3B0C-0D19-4172-AACD-DA339FDF5913}.Site|Any CPU.ActiveCfg = Debug|Any CPU
		{F1AC3B0C-0D19-4172-AACD-DA339FDF5913}.Site|Any CPU.Build.0 = Debug|Any CPU
		{F1AC3B0C-0D19-4172-AACD-DA339FDF5913}.Tenant.Dev|Any CPU.ActiveCfg = Tenant.Dev|Any CPU
		{F1AC3B0C-0D19-4172-AACD-DA339FDF5913}.Tenant.Dev|Any CPU.Build.0 = Tenant.Dev|Any CPU
		{F1AC3B0C-0D19-4172-AACD-DA339FDF5913}.Tenant.Prod|Any CPU.ActiveCfg = Debug|Any CPU
		{F1AC3B0C-0D19-4172-AACD-DA339FDF5913}.Tenant.Prod|Any CPU.Build.0 = Debug|Any CPU
		{F1AC3B0C-0D19-4172-AACD-DA339FDF5913}.Tenant.Test|Any CPU.ActiveCfg = Debug|Any CPU
		{F1AC3B0C-0D19-4172-AACD-DA339FDF5913}.Tenant.Test|Any CPU.Build.0 = Debug|Any CPU
		{F1AC3B0C-0D19-4172-AACD-DA339FDF5913}.Tenant|Any CPU.ActiveCfg = Debug|Any CPU
		{F1AC3B0C-0D19-4172-AACD-DA339FDF5913}.Tenant|Any CPU.Build.0 = Debug|Any CPU
		{F1AC3B0C-0D19-4172-AACD-DA339FDF5913}.Test|Any CPU.ActiveCfg = Debug|Any CPU
		{F1AC3B0C-0D19-4172-AACD-DA339FDF5913}.Test|Any CPU.Build.0 = Debug|Any CPU
		{3F01DCBA-C853-432B-992A-D38679CB6DED}.Debug|Any CPU.ActiveCfg = Debug|Any CPU
		{3F01DCBA-C853-432B-992A-D38679CB6DED}.Debug|Any CPU.Build.0 = Debug|Any CPU
		{3F01DCBA-C853-432B-992A-D38679CB6DED}.Dev|Any CPU.ActiveCfg = Debug|Any CPU
		{3F01DCBA-C853-432B-992A-D38679CB6DED}.Dev|Any CPU.Build.0 = Debug|Any CPU
		{3F01DCBA-C853-432B-992A-D38679CB6DED}.Release|Any CPU.ActiveCfg = Release|Any CPU
		{3F01DCBA-C853-432B-992A-D38679CB6DED}.Release|Any CPU.Build.0 = Release|Any CPU
		{3F01DCBA-C853-432B-992A-D38679CB6DED}.Site.Dev|Any CPU.ActiveCfg = Debug|Any CPU
		{3F01DCBA-C853-432B-992A-D38679CB6DED}.Site.Dev|Any CPU.Build.0 = Debug|Any CPU
		{3F01DCBA-C853-432B-992A-D38679CB6DED}.Site.Prod|Any CPU.ActiveCfg = Debug|Any CPU
		{3F01DCBA-C853-432B-992A-D38679CB6DED}.Site.Prod|Any CPU.Build.0 = Debug|Any CPU
		{3F01DCBA-C853-432B-992A-D38679CB6DED}.Site.Test|Any CPU.ActiveCfg = Debug|Any CPU
		{3F01DCBA-C853-432B-992A-D38679CB6DED}.Site.Test|Any CPU.Build.0 = Debug|Any CPU
		{3F01DCBA-C853-432B-992A-D38679CB6DED}.Site|Any CPU.ActiveCfg = Debug|Any CPU
		{3F01DCBA-C853-432B-992A-D38679CB6DED}.Site|Any CPU.Build.0 = Debug|Any CPU
		{3F01DCBA-C853-432B-992A-D38679CB6DED}.Tenant.Dev|Any CPU.ActiveCfg = Debug|Any CPU
		{3F01DCBA-C853-432B-992A-D38679CB6DED}.Tenant.Dev|Any CPU.Build.0 = Debug|Any CPU
		{3F01DCBA-C853-432B-992A-D38679CB6DED}.Tenant.Prod|Any CPU.ActiveCfg = Debug|Any CPU
		{3F01DCBA-C853-432B-992A-D38679CB6DED}.Tenant.Prod|Any CPU.Build.0 = Debug|Any CPU
		{3F01DCBA-C853-432B-992A-D38679CB6DED}.Tenant.Test|Any CPU.ActiveCfg = Debug|Any CPU
		{3F01DCBA-C853-432B-992A-D38679CB6DED}.Tenant.Test|Any CPU.Build.0 = Debug|Any CPU
		{3F01DCBA-C853-432B-992A-D38679CB6DED}.Tenant|Any CPU.ActiveCfg = Debug|Any CPU
		{3F01DCBA-C853-432B-992A-D38679CB6DED}.Tenant|Any CPU.Build.0 = Debug|Any CPU
		{3F01DCBA-C853-432B-992A-D38679CB6DED}.Test|Any CPU.ActiveCfg = Debug|Any CPU
		{3F01DCBA-C853-432B-992A-D38679CB6DED}.Test|Any CPU.Build.0 = Debug|Any CPU
	EndGlobalSection
	GlobalSection(SolutionProperties) = preSolution
		HideSolutionNode = FALSE
	EndGlobalSection
	GlobalSection(ExtensibilityGlobals) = postSolution
		SolutionGuid = {BE301C8C-E1F1-4ABB-B964-F60BF17EBB0B}
	EndGlobalSection
EndGlobal
