
Microsoft Visual Studio Solution File, Format Version 12.00
# Visual Studio 15
VisualStudioVersion = 15.0.28307.438
MinimumVisualStudioVersion = 10.0.40219.1
Project("{FAE04EC0-301F-11D3-BF4B-00C04F79EFBC}") = "SharePoint.Portal.Web", "SharePoint.Portal.Web\SharePoint.Portal.Web.csproj", "{57D5C8A6-809B-47F0-8C20-5C1104CE7867}"
EndProject
Project("{FAE04EC0-301F-11D3-BF4B-00C04F79EFBC}") = "SharePoint.Portal.Web.Tests", "SharePoint.Portal.Web.Tests\SharePoint.Portal.Web.Tests.csproj", "{FCBF433D-BA16-464F-A0C3-D6B766AAB390}"
EndProject
Global
	GlobalSection(SolutionConfigurationPlatforms) = preSolution
		Debug|Any CPU = Debug|Any CPU
		Release|Any CPU = Release|Any CPU
	EndGlobalSection
	GlobalSection(ProjectConfigurationPlatforms) = postSolution
		{57D5C8A6-809B-47F0-8C20-5C1104CE7867}.Debug|Any CPU.ActiveCfg = Debug|Any CPU
		{57D5C8A6-809B-47F0-8C20-5C1104CE7867}.Debug|Any CPU.Build.0 = Debug|Any CPU
		{57D5C8A6-809B-47F0-8C20-5C1104CE7867}.Release|Any CPU.ActiveCfg = Release|Any CPU
		{57D5C8A6-809B-47F0-8C20-5C1104CE7867}.Release|Any CPU.Build.0 = Release|Any CPU
		{FCBF433D-BA16-464F-A0C3-D6B766AAB390}.Debug|Any CPU.ActiveCfg = Debug|Any CPU
		{FCBF433D-BA16-464F-A0C3-D6B766AAB390}.Debug|Any CPU.Build.0 = Debug|Any CPU
		{FCBF433D-BA16-464F-A0C3-D6B766AAB390}.Release|Any CPU.ActiveCfg = Release|Any CPU
		{FCBF433D-BA16-464F-A0C3-D6B766AAB390}.Release|Any CPU.Build.0 = Release|Any CPU
	EndGlobalSection
	GlobalSection(SolutionProperties) = preSolution
		HideSolutionNode = FALSE
	EndGlobalSection
	GlobalSection(ExtensibilityGlobals) = postSolution
		SolutionGuid = {07545C42-A0A4-4181-8287-6EDFF5DEE309}
	EndGlobalSection
EndGlobal
